
Microsoft Visual Studio Solution File, Format Version 11.00
# Visual Studio 2010
Project("{8BC9CEB8-8B4A-11D0-8D11-00A0C91BC942}") = "savemmf", "savemmf.vcxproj", "{AA5B5FC9-B6B6-4032-8405-213EDA8C058C}"
EndProject
Global
	GlobalSection(SourceCodeControl) = preSolution
		SccNumberOfProjects = 2
		SccLocalPath0 = .
		SccProjectUniqueName1 = savemmf.vcxproj
		SccLocalPath1 = .
	EndGlobalSection
	GlobalSection(SolutionConfigurationPlatforms) = preSolution
		Debug|Win32 = Debug|Win32
		Release|Win32 = Release|Win32
	EndGlobalSection
	GlobalSection(ProjectConfigurationPlatforms) = postSolution
		{AA5B5FC9-B6B6-4032-8405-213EDA8C058C}.Debug|Win32.ActiveCfg = Debug|Win32
		{AA5B5FC9-B6B6-4032-8405-213EDA8C058C}.Debug|Win32.Build.0 = Debug|Win32
		{AA5B5FC9-B6B6-4032-8405-213EDA8C058C}.Release|Win32.ActiveCfg = Release|Win32
		{AA5B5FC9-B6B6-4032-8405-213EDA8C058C}.Release|Win32.Build.0 = Release|Win32
	EndGlobalSection
	GlobalSection(SolutionProperties) = preSolution
		HideSolutionNode = FALSE
	EndGlobalSection
EndGlobal
