
Microsoft Visual Studio Solution File, Format Version 9.00
# Visual Studio 2005
Project("{FAE04EC0-301F-11D3-BF4B-00C04F79EFBC}") = "mkclosefin", "mkclosefin.csproj", "{AD0610C6-35D6-4FBC-8960-90C4DDBFA20D}"
EndProject
Global
	GlobalSection(SolutionConfigurationPlatforms) = preSolution
		Debug|Any CPU = Debug|Any CPU
		Release|Any CPU = Release|Any CPU
	EndGlobalSection
	GlobalSection(ProjectConfigurationPlatforms) = postSolution
		{AD0610C6-35D6-4FBC-8960-90C4DDBFA20D}.Debug|Any CPU.ActiveCfg = Debug|Any CPU
		{AD0610C6-35D6-4FBC-8960-90C4DDBFA20D}.Debug|Any CPU.Build.0 = Debug|Any CPU
		{AD0610C6-35D6-4FBC-8960-90C4DDBFA20D}.Release|Any CPU.ActiveCfg = Release|Any CPU
		{AD0610C6-35D6-4FBC-8960-90C4DDBFA20D}.Release|Any CPU.Build.0 = Release|Any CPU
	EndGlobalSection
	GlobalSection(SolutionProperties) = preSolution
		HideSolutionNode = FALSE
	EndGlobalSection
EndGlobal
