
Microsoft Visual Studio Solution File, Format Version 10.00
# Visual Studio 2008
Project("{8BC9CEB8-8B4A-11D0-8D11-00A0C91BC942}") = "patcher-config", "patcher-config.vcproj", "{3571A31C-A3C9-4D93-9AC5-5073768D0705}"
EndProject
Global
	GlobalSection(SolutionConfigurationPlatforms) = preSolution
		Debug|Win32 = Debug|Win32
		Release|Win32 = Release|Win32
	EndGlobalSection
	GlobalSection(ProjectConfigurationPlatforms) = postSolution
		{3571A31C-A3C9-4D93-9AC5-5073768D0705}.Debug|Win32.ActiveCfg = Debug|Win32
		{3571A31C-A3C9-4D93-9AC5-5073768D0705}.Debug|Win32.Build.0 = Debug|Win32
		{3571A31C-A3C9-4D93-9AC5-5073768D0705}.Release|Win32.ActiveCfg = Release|Win32
		{3571A31C-A3C9-4D93-9AC5-5073768D0705}.Release|Win32.Build.0 = Release|Win32
	EndGlobalSection
	GlobalSection(SolutionProperties) = preSolution
		HideSolutionNode = FALSE
	EndGlobalSection
EndGlobal
