
Microsoft Visual Studio Solution File, Format Version 10.00
# Visual Studio 2008
Project("{8BC9CEB8-8B4A-11D0-8D11-00A0C91BC942}") = "kjmlib", "kjmlib.vcproj", "{47FED6E6-40A2-40C4-8170-4A9C1E63A04E}"
EndProject
Global
	GlobalSection(SolutionConfigurationPlatforms) = preSolution
		Debug|Win32 = Debug|Win32
		Release|Win32 = Release|Win32
	EndGlobalSection
	GlobalSection(ProjectConfigurationPlatforms) = postSolution
		{47FED6E6-40A2-40C4-8170-4A9C1E63A04E}.Debug|Win32.ActiveCfg = Debug|Win32
		{47FED6E6-40A2-40C4-8170-4A9C1E63A04E}.Debug|Win32.Build.0 = Debug|Win32
		{47FED6E6-40A2-40C4-8170-4A9C1E63A04E}.Release|Win32.ActiveCfg = Release|Win32
		{47FED6E6-40A2-40C4-8170-4A9C1E63A04E}.Release|Win32.Build.0 = Release|Win32
	EndGlobalSection
	GlobalSection(SolutionProperties) = preSolution
		HideSolutionNode = FALSE
	EndGlobalSection
EndGlobal
