
Microsoft Visual Studio Solution File, Format Version 10.00
# Visual Studio 2008
Project("{FAE04EC0-301F-11D3-BF4B-00C04F79EFBC}") = "md5calc", "md5calc.csproj", "{D461D040-87B6-41AA-9782-E0CDEAECF19E}"
EndProject
Global
	GlobalSection(SolutionConfigurationPlatforms) = preSolution
		Debug|Any CPU = Debug|Any CPU
		Release|Any CPU = Release|Any CPU
	EndGlobalSection
	GlobalSection(ProjectConfigurationPlatforms) = postSolution
		{D461D040-87B6-41AA-9782-E0CDEAECF19E}.Debug|Any CPU.ActiveCfg = Debug|Any CPU
		{D461D040-87B6-41AA-9782-E0CDEAECF19E}.Debug|Any CPU.Build.0 = Debug|Any CPU
		{D461D040-87B6-41AA-9782-E0CDEAECF19E}.Release|Any CPU.ActiveCfg = Release|Any CPU
		{D461D040-87B6-41AA-9782-E0CDEAECF19E}.Release|Any CPU.Build.0 = Release|Any CPU
	EndGlobalSection
	GlobalSection(SolutionProperties) = preSolution
		HideSolutionNode = FALSE
	EndGlobalSection
EndGlobal
