
Microsoft Visual Studio Solution File, Format Version 10.00
# Visual Studio 2008
Project("{8BC9CEB8-8B4A-11D0-8D11-00A0C91BC942}") = "gms", "gms.vcproj", "{E711D2B2-F434-4392-A8DA-55DF0DFB3995}"
EndProject
Global
	GlobalSection(SolutionConfigurationPlatforms) = preSolution
		Debug|Win32 = Debug|Win32
		Release|Win32 = Release|Win32
	EndGlobalSection
	GlobalSection(ProjectConfigurationPlatforms) = postSolution
		{E711D2B2-F434-4392-A8DA-55DF0DFB3995}.Debug|Win32.ActiveCfg = Debug|Win32
		{E711D2B2-F434-4392-A8DA-55DF0DFB3995}.Debug|Win32.Build.0 = Debug|Win32
		{E711D2B2-F434-4392-A8DA-55DF0DFB3995}.Release|Win32.ActiveCfg = Release|Win32
		{E711D2B2-F434-4392-A8DA-55DF0DFB3995}.Release|Win32.Build.0 = Release|Win32
	EndGlobalSection
	GlobalSection(SolutionProperties) = preSolution
		HideSolutionNode = FALSE
	EndGlobalSection
EndGlobal
