<?xml version="1.0" encoding="utf-8"?>
<Project ToolsVersion="4.0" xmlns="http://schemas.microsoft.com/developer/msbuild/2003">
  <ItemGroup>
    <Filter Include="Source Files">
      <UniqueIdentifier>{20479536-2a22-43a7-b407-582d20354a84}</UniqueIdentifier>
      <Extensions>cpp;c;cxx;rc;def;r;odl;idl;hpj;bat</Extensions>
    </Filter>
    <Filter Include="Header Files">
      <UniqueIdentifier>{aa4bac3f-85b1-443b-b817-95427001dfac}</UniqueIdentifier>
      <Extensions>h;hpp;hxx;hm;inl</Extensions>
    </Filter>
    <Filter Include="Resource Files">
      <UniqueIdentifier>{d51a187b-ea74-4065-bf54-6d972f70aa8a}</UniqueIdentifier>
      <Extensions>ico;cur;bmp;dlg;rc2;rct;bin;rgs;gif;jpg;jpeg;jpe</Extensions>
    </Filter>
  </ItemGroup>
  <ItemGroup>
    <ClCompile Include="kmwatch.cpp">
      <Filter>Source Files</Filter>
    </ClCompile>
    <ClCompile Include="kjm\kjm_logger.cpp">
      <Filter>Source Files</Filter>
    </ClCompile>
    <ClCompile Include="kjm\kjm_util.cpp">
      <Filter>Source Files</Filter>
    </ClCompile>
    <ClCompile Include="kjm\kjm_path.cpp">
      <Filter>Source Files</Filter>
    </ClCompile>
  </ItemGroup>
  <ItemGroup>
    <ClInclude Include="kmwatch.h">
      <Filter>Header Files</Filter>
    </ClInclude>
    <ClInclude Include="kjm\kjm_logger.h">
      <Filter>Header Files</Filter>
    </ClInclude>
    <ClInclude Include="kjm\kjm_util.h">
      <Filter>Header Files</Filter>
    </ClInclude>
    <ClInclude Include="kjm\kjm_path.h">
      <Filter>Header Files</Filter>
    </ClInclude>
  </ItemGroup>
  <ItemGroup>
    <CustomBuild Include="kmwatch.def">
      <Filter>Source Files</Filter>
    </CustomBuild>
  </ItemGroup>
</Project>