
Microsoft Visual Studio Solution File, Format Version 10.00
# Visual Studio 2008
Project("{FAE04EC0-301F-11D3-BF4B-00C04F79EFBC}") = "SerialPortSample", "SerialPortSample.csproj", "{D642C46A-0F2B-4415-BAF7-D74D01C67E5F}"
EndProject
Global
	GlobalSection(SolutionConfigurationPlatforms) = preSolution
		Debug|Any CPU = Debug|Any CPU
		Release|Any CPU = Release|Any CPU
	EndGlobalSection
	GlobalSection(ProjectConfigurationPlatforms) = postSolution
		{D642C46A-0F2B-4415-BAF7-D74D01C67E5F}.Debug|Any CPU.ActiveCfg = Debug|Any CPU
		{D642C46A-0F2B-4415-BAF7-D74D01C67E5F}.Debug|Any CPU.Build.0 = Debug|Any CPU
		{D642C46A-0F2B-4415-BAF7-D74D01C67E5F}.Release|Any CPU.ActiveCfg = Release|Any CPU
		{D642C46A-0F2B-4415-BAF7-D74D01C67E5F}.Release|Any CPU.Build.0 = Release|Any CPU
	EndGlobalSection
	GlobalSection(SolutionProperties) = preSolution
		HideSolutionNode = FALSE
	EndGlobalSection
EndGlobal
