
Microsoft Visual Studio Solution File, Format Version 11.00
# Visual Studio 2010
Project("{8BC9CEB8-8B4A-11D0-8D11-00A0C91BC942}") = "SystemStatus", "SystemStatus.vcxproj", "{4F7FB0D5-A0D0-E5A4-9149-0A6190AF595C}"
EndProject
Global
	GlobalSection(SourceCodeControl) = preSolution
		SccNumberOfProjects = 2
		SccLocalPath0 = .
		SccProjectUniqueName1 = SystemStatus.vcxproj
		SccLocalPath1 = .
	EndGlobalSection
	GlobalSection(SolutionConfigurationPlatforms) = preSolution
		Debug|Win32 = Debug|Win32
		Release|Win32 = Release|Win32
	EndGlobalSection
	GlobalSection(ProjectConfigurationPlatforms) = postSolution
		{4F7FB0D5-A0D0-E5A4-9149-0A6190AF595C}.Debug|Win32.ActiveCfg = Debug|Win32
		{4F7FB0D5-A0D0-E5A4-9149-0A6190AF595C}.Debug|Win32.Build.0 = Debug|Win32
		{4F7FB0D5-A0D0-E5A4-9149-0A6190AF595C}.Release|Win32.ActiveCfg = Release|Win32
		{4F7FB0D5-A0D0-E5A4-9149-0A6190AF595C}.Release|Win32.Build.0 = Release|Win32
	EndGlobalSection
	GlobalSection(SolutionProperties) = preSolution
		HideSolutionNode = FALSE
	EndGlobalSection
EndGlobal
