
Microsoft Visual Studio Solution File, Format Version 10.00
# Visual Studio 2008
Project("{8BC9CEB8-8B4A-11D0-8D11-00A0C91BC942}") = "evlogwatch", "evlogwatch.vcproj", "{E51D5815-000C-4EBA-A076-E7BC9BA7F27C}"
EndProject
Global
	GlobalSection(SolutionConfigurationPlatforms) = preSolution
		Debug|Win32 = Debug|Win32
		Release|Win32 = Release|Win32
	EndGlobalSection
	GlobalSection(ProjectConfigurationPlatforms) = postSolution
		{E51D5815-000C-4EBA-A076-E7BC9BA7F27C}.Debug|Win32.ActiveCfg = Debug|Win32
		{E51D5815-000C-4EBA-A076-E7BC9BA7F27C}.Debug|Win32.Build.0 = Debug|Win32
		{E51D5815-000C-4EBA-A076-E7BC9BA7F27C}.Release|Win32.ActiveCfg = Release|Win32
		{E51D5815-000C-4EBA-A076-E7BC9BA7F27C}.Release|Win32.Build.0 = Release|Win32
	EndGlobalSection
	GlobalSection(SolutionProperties) = preSolution
		HideSolutionNode = FALSE
	EndGlobalSection
EndGlobal
