
Microsoft Visual Studio Solution File, Format Version 10.00
# Visual Studio 2008
Project("{8BC9CEB8-8B4A-11D0-8D11-00A0C91BC942}") = "csvReader", "csvReader.vcproj", "{10332744-D2BD-4E87-B35C-E5F17826B5BC}"
EndProject
Global
	GlobalSection(SourceCodeControl) = preSolution
		SccNumberOfProjects = 2
		SccLocalPath0 = .
		SccProjectUniqueName1 = csvReader.vcproj
		SccLocalPath1 = .
	EndGlobalSection
	GlobalSection(SolutionConfigurationPlatforms) = preSolution
		Debug|Win32 = Debug|Win32
		Release|Win32 = Release|Win32
	EndGlobalSection
	GlobalSection(ProjectConfigurationPlatforms) = postSolution
		{10332744-D2BD-4E87-B35C-E5F17826B5BC}.Debug|Win32.ActiveCfg = Debug|Win32
		{10332744-D2BD-4E87-B35C-E5F17826B5BC}.Debug|Win32.Build.0 = Debug|Win32
		{10332744-D2BD-4E87-B35C-E5F17826B5BC}.Release|Win32.ActiveCfg = Release|Win32
		{10332744-D2BD-4E87-B35C-E5F17826B5BC}.Release|Win32.Build.0 = Release|Win32
	EndGlobalSection
	GlobalSection(SolutionProperties) = preSolution
		HideSolutionNode = FALSE
	EndGlobalSection
EndGlobal
