
Microsoft Visual Studio Solution File, Format Version 10.00
# Visual Studio 2008
Project("{8BC9CEB8-8B4A-11D0-8D11-00A0C91BC942}") = "ReadCheck", "ReadCheck.vcproj", "{FB2BACC5-248D-4A97-A12D-0FB228411126}"
EndProject
Global
	GlobalSection(SolutionConfigurationPlatforms) = preSolution
		Debug|Win32 = Debug|Win32
		Release|Win32 = Release|Win32
	EndGlobalSection
	GlobalSection(ProjectConfigurationPlatforms) = postSolution
		{FB2BACC5-248D-4A97-A12D-0FB228411126}.Debug|Win32.ActiveCfg = Debug|Win32
		{FB2BACC5-248D-4A97-A12D-0FB228411126}.Debug|Win32.Build.0 = Debug|Win32
		{FB2BACC5-248D-4A97-A12D-0FB228411126}.Release|Win32.ActiveCfg = Release|Win32
		{FB2BACC5-248D-4A97-A12D-0FB228411126}.Release|Win32.Build.0 = Release|Win32
	EndGlobalSection
	GlobalSection(SolutionProperties) = preSolution
		HideSolutionNode = FALSE
	EndGlobalSection
EndGlobal
