
Microsoft Visual Studio Solution File, Format Version 10.00
# Visual Studio 2008
Project("{8BC9CEB8-8B4A-11D0-8D11-00A0C91BC942}") = "routep", "routep.vcproj", "{0F9994CD-C720-47C2-8EA2-8681C57F8B60}"
EndProject
Global
	GlobalSection(SolutionConfigurationPlatforms) = preSolution
		Debug|Win32 = Debug|Win32
		Release|Win32 = Release|Win32
	EndGlobalSection
	GlobalSection(ProjectConfigurationPlatforms) = postSolution
		{0F9994CD-C720-47C2-8EA2-8681C57F8B60}.Debug|Win32.ActiveCfg = Debug|Win32
		{0F9994CD-C720-47C2-8EA2-8681C57F8B60}.Debug|Win32.Build.0 = Debug|Win32
		{0F9994CD-C720-47C2-8EA2-8681C57F8B60}.Release|Win32.ActiveCfg = Release|Win32
		{0F9994CD-C720-47C2-8EA2-8681C57F8B60}.Release|Win32.Build.0 = Release|Win32
	EndGlobalSection
	GlobalSection(SolutionProperties) = preSolution
		HideSolutionNode = FALSE
	EndGlobalSection
EndGlobal
